
Microsoft Visual Studio Solution File, Format Version 12.00
# Visual Studio Version 17
VisualStudioVersion = 17.3.32819.101
MinimumVisualStudioVersion = 10.0.40219.1
Project("{9A19103F-16F7-4668-BE54-9A1E7A4F7556}") = "View.CMD", "EnglishWords\View.CMD.csproj", "{8A2032FB-8E58-4484-890F-9DA70B729735}"
EndProject
Project("{9A19103F-16F7-4668-BE54-9A1E7A4F7556}") = "EnglishWords.BL", "EnglishWrods.BL\EnglishWords.BL.csproj", "{834CD049-C431-443F-A15E-CA7094C5A21F}"
EndProject
Global
	GlobalSection(SolutionConfigurationPlatforms) = preSolution
		Debug|Any CPU = Debug|Any CPU
		Release|Any CPU = Release|Any CPU
	EndGlobalSection
	GlobalSection(ProjectConfigurationPlatforms) = postSolution
		{8A2032FB-8E58-4484-890F-9DA70B729735}.Debug|Any CPU.ActiveCfg = Debug|Any CPU
		{8A2032FB-8E58-4484-890F-9DA70B729735}.Debug|Any CPU.Build.0 = Debug|Any CPU
		{8A2032FB-8E58-4484-890F-9DA70B729735}.Release|Any CPU.ActiveCfg = Release|Any CPU
		{8A2032FB-8E58-4484-890F-9DA70B729735}.Release|Any CPU.Build.0 = Release|Any CPU
		{834CD049-C431-443F-A15E-CA7094C5A21F}.Debug|Any CPU.ActiveCfg = Debug|Any CPU
		{834CD049-C431-443F-A15E-CA7094C5A21F}.Debug|Any CPU.Build.0 = Debug|Any CPU
		{834CD049-C431-443F-A15E-CA7094C5A21F}.Release|Any CPU.ActiveCfg = Release|Any CPU
		{834CD049-C431-443F-A15E-CA7094C5A21F}.Release|Any CPU.Build.0 = Release|Any CPU
	EndGlobalSection
	GlobalSection(SolutionProperties) = preSolution
		HideSolutionNode = FALSE
	EndGlobalSection
	GlobalSection(ExtensibilityGlobals) = postSolution
		SolutionGuid = {DEDD642B-9017-4743-A95E-F7AAD82B494A}
	EndGlobalSection
EndGlobal
